
Microsoft Visual Studio Solution File, Format Version 12.00
# Visual Studio Version 16
VisualStudioVersion = 16.0.30114.105
MinimumVisualStudioVersion = 10.0.40219.1
Project("{FAE04EC0-301F-11D3-BF4B-00C04F79EFBC}") = "API", "API\API.csproj", "{8701D401-DADB-4A85-9FF0-68A30C9AB7D8}"
EndProject
Project("{FAE04EC0-301F-11D3-BF4B-00C04F79EFBC}") = "Application", "Application\Application.csproj", "{24F339D9-5683-40E8-A5B6-5C06A054851B}"
EndProject
Project("{FAE04EC0-301F-11D3-BF4B-00C04F79EFBC}") = "Persistence", "Persistence\Persistence.csproj", "{C5139FF9-1DDB-4367-9CC9-4FC501B899E5}"
EndProject
Project("{FAE04EC0-301F-11D3-BF4B-00C04F79EFBC}") = "Domain", "Domain\Domain.csproj", "{C78BD6E5-A718-482C-ABBA-8B322345AC63}"
EndProject
Global
	GlobalSection(SolutionConfigurationPlatforms) = preSolution
		Debug|Any CPU = Debug|Any CPU
		Debug|x64 = Debug|x64
		Debug|x86 = Debug|x86
		Release|Any CPU = Release|Any CPU
		Release|x64 = Release|x64
		Release|x86 = Release|x86
	EndGlobalSection
	GlobalSection(SolutionProperties) = preSolution
		HideSolutionNode = FALSE
	EndGlobalSection
	GlobalSection(ProjectConfigurationPlatforms) = postSolution
		{8701D401-DADB-4A85-9FF0-68A30C9AB7D8}.Debug|Any CPU.ActiveCfg = Debug|Any CPU
		{8701D401-DADB-4A85-9FF0-68A30C9AB7D8}.Debug|Any CPU.Build.0 = Debug|Any CPU
		{8701D401-DADB-4A85-9FF0-68A30C9AB7D8}.Debug|x64.ActiveCfg = Debug|Any CPU
		{8701D401-DADB-4A85-9FF0-68A30C9AB7D8}.Debug|x64.Build.0 = Debug|Any CPU
		{8701D401-DADB-4A85-9FF0-68A30C9AB7D8}.Debug|x86.ActiveCfg = Debug|Any CPU
		{8701D401-DADB-4A85-9FF0-68A30C9AB7D8}.Debug|x86.Build.0 = Debug|Any CPU
		{8701D401-DADB-4A85-9FF0-68A30C9AB7D8}.Release|Any CPU.ActiveCfg = Release|Any CPU
		{8701D401-DADB-4A85-9FF0-68A30C9AB7D8}.Release|Any CPU.Build.0 = Release|Any CPU
		{8701D401-DADB-4A85-9FF0-68A30C9AB7D8}.Release|x64.ActiveCfg = Release|Any CPU
		{8701D401-DADB-4A85-9FF0-68A30C9AB7D8}.Release|x64.Build.0 = Release|Any CPU
		{8701D401-DADB-4A85-9FF0-68A30C9AB7D8}.Release|x86.ActiveCfg = Release|Any CPU
		{8701D401-DADB-4A85-9FF0-68A30C9AB7D8}.Release|x86.Build.0 = Release|Any CPU
		{24F339D9-5683-40E8-A5B6-5C06A054851B}.Debug|Any CPU.ActiveCfg = Debug|Any CPU
		{24F339D9-5683-40E8-A5B6-5C06A054851B}.Debug|Any CPU.Build.0 = Debug|Any CPU
		{24F339D9-5683-40E8-A5B6-5C06A054851B}.Debug|x64.ActiveCfg = Debug|Any CPU
		{24F339D9-5683-40E8-A5B6-5C06A054851B}.Debug|x64.Build.0 = Debug|Any CPU
		{24F339D9-5683-40E8-A5B6-5C06A054851B}.Debug|x86.ActiveCfg = Debug|Any CPU
		{24F339D9-5683-40E8-A5B6-5C06A054851B}.Debug|x86.Build.0 = Debug|Any CPU
		{24F339D9-5683-40E8-A5B6-5C06A054851B}.Release|Any CPU.ActiveCfg = Release|Any CPU
		{24F339D9-5683-40E8-A5B6-5C06A054851B}.Release|Any CPU.Build.0 = Release|Any CPU
		{24F339D9-5683-40E8-A5B6-5C06A054851B}.Release|x64.ActiveCfg = Release|Any CPU
		{24F339D9-5683-40E8-A5B6-5C06A054851B}.Release|x64.Build.0 = Release|Any CPU
		{24F339D9-5683-40E8-A5B6-5C06A054851B}.Release|x86.ActiveCfg = Release|Any CPU
		{24F339D9-5683-40E8-A5B6-5C06A054851B}.Release|x86.Build.0 = Release|Any CPU
		{C5139FF9-1DDB-4367-9CC9-4FC501B899E5}.Debug|Any CPU.ActiveCfg = Debug|Any CPU
		{C5139FF9-1DDB-4367-9CC9-4FC501B899E5}.Debug|Any CPU.Build.0 = Debug|Any CPU
		{C5139FF9-1DDB-4367-9CC9-4FC501B899E5}.Debug|x64.ActiveCfg = Debug|Any CPU
		{C5139FF9-1DDB-4367-9CC9-4FC501B899E5}.Debug|x64.Build.0 = Debug|Any CPU
		{C5139FF9-1DDB-4367-9CC9-4FC501B899E5}.Debug|x86.ActiveCfg = Debug|Any CPU
		{C5139FF9-1DDB-4367-9CC9-4FC501B899E5}.Debug|x86.Build.0 = Debug|Any CPU
		{C5139FF9-1DDB-4367-9CC9-4FC501B899E5}.Release|Any CPU.ActiveCfg = Release|Any CPU
		{C5139FF9-1DDB-4367-9CC9-4FC501B899E5}.Release|Any CPU.Build.0 = Release|Any CPU
		{C5139FF9-1DDB-4367-9CC9-4FC501B899E5}.Release|x64.ActiveCfg = Release|Any CPU
		{C5139FF9-1DDB-4367-9CC9-4FC501B899E5}.Release|x64.Build.0 = Release|Any CPU
		{C5139FF9-1DDB-4367-9CC9-4FC501B899E5}.Release|x86.ActiveCfg = Release|Any CPU
		{C5139FF9-1DDB-4367-9CC9-4FC501B899E5}.Release|x86.Build.0 = Release|Any CPU
		{C78BD6E5-A718-482C-ABBA-8B322345AC63}.Debug|Any CPU.ActiveCfg = Debug|Any CPU
		{C78BD6E5-A718-482C-ABBA-8B322345AC63}.Debug|Any CPU.Build.0 = Debug|Any CPU
		{C78BD6E5-A718-482C-ABBA-8B322345AC63}.Debug|x64.ActiveCfg = Debug|Any CPU
		{C78BD6E5-A718-482C-ABBA-8B322345AC63}.Debug|x64.Build.0 = Debug|Any CPU
		{C78BD6E5-A718-482C-ABBA-8B322345AC63}.Debug|x86.ActiveCfg = Debug|Any CPU
		{C78BD6E5-A718-482C-ABBA-8B322345AC63}.Debug|x86.Build.0 = Debug|Any CPU
		{C78BD6E5-A718-482C-ABBA-8B322345AC63}.Release|Any CPU.ActiveCfg = Release|Any CPU
		{C78BD6E5-A718-482C-ABBA-8B322345AC63}.Release|Any CPU.Build.0 = Release|Any CPU
		{C78BD6E5-A718-482C-ABBA-8B322345AC63}.Release|x64.ActiveCfg = Release|Any CPU
		{C78BD6E5-A718-482C-ABBA-8B322345AC63}.Release|x64.Build.0 = Release|Any CPU
		{C78BD6E5-A718-482C-ABBA-8B322345AC63}.Release|x86.ActiveCfg = Release|Any CPU
		{C78BD6E5-A718-482C-ABBA-8B322345AC63}.Release|x86.Build.0 = Release|Any CPU
	EndGlobalSection
EndGlobal
